
Microsoft Visual Studio Solution File, Format Version 12.00
# Visual Studio Version 17
VisualStudioVersion = 17.5.33516.290
MinimumVisualStudioVersion = 10.0.40219.1
Project("{FAE04EC0-301F-11D3-BF4B-00C04F79EFBC}") = "sqrt", "sqrt\sqrt.csproj", "{0088A628-34E4-44CF-ADA4-5DA842547D4C}"
EndProject
Global
	GlobalSection(SolutionConfigurationPlatforms) = preSolution
		Debug|Any CPU = Debug|Any CPU
		Release|Any CPU = Release|Any CPU
	EndGlobalSection
	GlobalSection(ProjectConfigurationPlatforms) = postSolution
		{0088A628-34E4-44CF-ADA4-5DA842547D4C}.Debug|Any CPU.ActiveCfg = Debug|Any CPU
		{0088A628-34E4-44CF-ADA4-5DA842547D4C}.Debug|Any CPU.Build.0 = Debug|Any CPU
		{0088A628-34E4-44CF-ADA4-5DA842547D4C}.Release|Any CPU.ActiveCfg = Release|Any CPU
		{0088A628-34E4-44CF-ADA4-5DA842547D4C}.Release|Any CPU.Build.0 = Release|Any CPU
	EndGlobalSection
	GlobalSection(SolutionProperties) = preSolution
		HideSolutionNode = FALSE
	EndGlobalSection
	GlobalSection(ExtensibilityGlobals) = postSolution
		SolutionGuid = {06186BD4-B6B7-40F3-A5AF-C3052E7EA078}
	EndGlobalSection
EndGlobal
